<?xml version="1.0" encoding="utf-8"?>
<Project ToolsVersion="4.0" xmlns="http://schemas.microsoft.com/developer/msbuild/2003">
  <ItemGroup>
    <Filter Include="Resource Files">
      <UniqueIdentifier>{67DA6AB6-F800-4c08-8B7A-83BB121AAD01}</UniqueIdentifier>
      <Extensions>rc;ico;cur;bmp;dlg;rc2;rct;bin;rgs;gif;jpg;jpeg;jpe;resx;tiff;tif;png;wav;mfcribbon-ms</Extensions>
    </Filter>
    <Filter Include="Header Files">
      <UniqueIdentifier>{93995380-89BD-4b04-88EB-625FBE52EBFB}</UniqueIdentifier>
      <Extensions>h;hpp;hxx;hm;inl;inc;xsd</Extensions>
    </Filter>
    <Filter Include="Client">
      <UniqueIdentifier>{2b3939fa-e3bc-435b-967f-575cee5e4b6f}</UniqueIdentifier>
    </Filter>
    <Filter Include="Common">
      <UniqueIdentifier>{d2cac7b7-f8cf-4f7c-927f-a9460e396173}</UniqueIdentifier>
    </Filter>
    <Filter Include="encryption">
      <UniqueIdentifier>{d7522029-cb71-4ce7-8062-2458277dbe72}</UniqueIdentifier>
    </Filter>
    <Filter Include="Ghoul2">
      <UniqueIdentifier>{2fee9ad5-57c6-4782-8583-527b40cd0db2}</UniqueIdentifier>
    </Filter>
    <Filter Include="Renderer">
      <UniqueIdentifier>{57a93cfa-afb0-403f-90c9-c725afb28475}</UniqueIdentifier>
    </Filter>
    <Filter Include="Renderer\jpeg files">
      <UniqueIdentifier>{faf117c9-1388-4086-aa3e-1274ac7ead36}</UniqueIdentifier>
    </Filter>
    <Filter Include="Renderer\jpeg files\JPG Headers">
      <UniqueIdentifier>{d4abc90e-5b82-42cc-834c-ed4b08856934}</UniqueIdentifier>
    </Filter>
    <Filter Include="Renderer\jpeg files\JPG Source">
      <UniqueIdentifier>{389240d2-3da0-42d7-9362-29d9636a0cfe}</UniqueIdentifier>
    </Filter>
    <Filter Include="Renderer\png">
      <UniqueIdentifier>{dd6b9b7f-5755-4f35-9761-7c280fd818dd}</UniqueIdentifier>
    </Filter>
    <Filter Include="Server">
      <UniqueIdentifier>{d37d84e2-0e0b-42f1-b14f-1836e2baf69f}</UniqueIdentifier>
    </Filter>
    <Filter Include="Sound">
      <UniqueIdentifier>{a7378b7d-5407-4c86-9198-f5e0e929f7a7}</UniqueIdentifier>
    </Filter>
    <Filter Include="strings">
      <UniqueIdentifier>{108724dd-3714-438f-b317-3de1ebd4b4ce}</UniqueIdentifier>
    </Filter>
    <Filter Include="Win32">
      <UniqueIdentifier>{4446d30c-cee7-4d93-a7a9-fdbc922b3e80}</UniqueIdentifier>
    </Filter>
    <Filter Include="zlib">
      <UniqueIdentifier>{991141fa-c7f3-4fda-9677-18deebfc5129}</UniqueIdentifier>
    </Filter>
    <Filter Include="botlib">
      <UniqueIdentifier>{54b2fa92-3b9f-434e-ac54-a2cf7a0de57a}</UniqueIdentifier>
    </Filter>
    <Filter Include="botlib\Header Files">
      <UniqueIdentifier>{bcee3f12-47de-4bc1-8981-75930b3411b9}</UniqueIdentifier>
    </Filter>
    <Filter Include="botlib\Source Files">
      <UniqueIdentifier>{e35eee66-ef85-4052-87d5-b8503cdb0af1}</UniqueIdentifier>
    </Filter>
    <Filter Include="Renderer\libpng">
      <UniqueIdentifier>{09dcce17-f28d-4268-861c-ee72d8eb939b}</UniqueIdentifier>
    </Filter>
    <Filter Include="Renderer\glsl">
      <UniqueIdentifier>{3d8ddb39-2e8d-4f67-a2d0-f08300faae73}</UniqueIdentifier>
    </Filter>
    <Filter Include="Renderer\adm">
      <UniqueIdentifier>{4dcf4bdb-c359-45c7-8547-334e7abe063b}</UniqueIdentifier>
    </Filter>
    <Filter Include="Renderer\bw64">
      <UniqueIdentifier>{69633ed6-44e8-4d15-afdf-9dd13e2a50ae}</UniqueIdentifier>
    </Filter>
    <Filter Include="boost">
      <UniqueIdentifier>{158da533-b956-4d40-8c98-89191ad55ca7}</UniqueIdentifier>
    </Filter>
    <Filter Include="Renderer\stb">
      <UniqueIdentifier>{4d818f6e-e73a-47a9-8fad-da88183ddc8e}</UniqueIdentifier>
    </Filter>
    <Filter Include="Sound\soxr">
      <UniqueIdentifier>{cb44e4bd-9ffa-4592-8c11-1438c4f4fd26}</UniqueIdentifier>
    </Filter>
    <Filter Include="hypersonic-rle">
      <UniqueIdentifier>{fff16e4b-5b81-4883-a452-79527bd27784}</UniqueIdentifier>
    </Filter>
    <Filter Include="Renderer\videometa">
      <UniqueIdentifier>{a2e95d12-f2bc-4919-9098-aecf9ffb8f76}</UniqueIdentifier>
    </Filter>
  </ItemGroup>
  <ItemGroup>
    <ClCompile Include="client\0_SH_Leak.cpp">
      <Filter>Client</Filter>
    </ClCompile>
    <ClCompile Include="client\cl_cgame.cpp">
      <Filter>Client</Filter>
    </ClCompile>
    <ClCompile Include="client\cl_cin.cpp">
      <Filter>Client</Filter>
    </ClCompile>
    <ClCompile Include="client\cl_console.cpp">
      <Filter>Client</Filter>
    </ClCompile>
    <ClCompile Include="client\cl_input.cpp">
      <Filter>Client</Filter>
    </ClCompile>
    <ClCompile Include="client\cl_keys.cpp">
      <Filter>Client</Filter>
    </ClCompile>
    <ClCompile Include="client\cl_main.cpp">
      <Filter>Client</Filter>
    </ClCompile>
    <ClCompile Include="client\cl_net_chan.cpp">
      <Filter>Client</Filter>
    </ClCompile>
    <ClCompile Include="client\cl_parse.cpp">
      <Filter>Client</Filter>
    </ClCompile>
    <ClCompile Include="client\cl_scrn.cpp">
      <Filter>Client</Filter>
    </ClCompile>
    <ClCompile Include="client\cl_ui.cpp">
      <Filter>Client</Filter>
    </ClCompile>
    <ClCompile Include="client\FXExport.cpp">
      <Filter>Client</Filter>
    </ClCompile>
    <ClCompile Include="client\FxPrimitives.cpp">
      <Filter>Client</Filter>
    </ClCompile>
    <ClCompile Include="client\FxScheduler.cpp">
      <Filter>Client</Filter>
    </ClCompile>
    <ClCompile Include="client\FxSystem.cpp">
      <Filter>Client</Filter>
    </ClCompile>
    <ClCompile Include="client\FxTemplate.cpp">
      <Filter>Client</Filter>
    </ClCompile>
    <ClCompile Include="client\FxUtil.cpp">
      <Filter>Client</Filter>
    </ClCompile>
    <ClCompile Include="qcommon\cm_load.cpp">
      <Filter>Common</Filter>
    </ClCompile>
    <ClCompile Include="qcommon\cm_patch.cpp">
      <Filter>Common</Filter>
    </ClCompile>
    <ClCompile Include="qcommon\cm_polylib.cpp">
      <Filter>Common</Filter>
    </ClCompile>
    <ClCompile Include="qcommon\cm_test.cpp">
      <Filter>Common</Filter>
    </ClCompile>
    <ClCompile Include="qcommon\cm_trace.cpp">
      <Filter>Common</Filter>
    </ClCompile>
    <ClCompile Include="qcommon\cmd.cpp">
      <Filter>Common</Filter>
    </ClCompile>
    <ClCompile Include="qcommon\CNetProfile.cpp">
      <Filter>Common</Filter>
    </ClCompile>
    <ClCompile Include="qcommon\common.cpp">
      <Filter>Common</Filter>
    </ClCompile>
    <ClCompile Include="qcommon\cvar.cpp">
      <Filter>Common</Filter>
    </ClCompile>
    <ClCompile Include="qcommon\files.cpp">
      <Filter>Common</Filter>
    </ClCompile>
    <ClCompile Include="qcommon\GenericParser2.cpp">
      <Filter>Common</Filter>
    </ClCompile>
    <ClCompile Include="qcommon\hstring.cpp">
      <Filter>Common</Filter>
    </ClCompile>
    <ClCompile Include="qcommon\huffman.cpp">
      <Filter>Common</Filter>
    </ClCompile>
    <ClCompile Include="qcommon\md4.cpp">
      <Filter>Common</Filter>
    </ClCompile>
    <ClCompile Include="qcommon\msg.cpp">
      <Filter>Common</Filter>
    </ClCompile>
    <ClCompile Include="qcommon\net_chan.cpp">
      <Filter>Common</Filter>
    </ClCompile>
    <ClCompile Include="qcommon\q_math.cpp">
      <Filter>Common</Filter>
    </ClCompile>
    <ClCompile Include="qcommon\q_shared.cpp">
      <Filter>Common</Filter>
    </ClCompile>
    <ClCompile Include="qcommon\RoffSystem.cpp">
      <Filter>Common</Filter>
    </ClCompile>
    <ClCompile Include="qcommon\strip.cpp">
      <Filter>Common</Filter>
    </ClCompile>
    <ClCompile Include="qcommon\unzip.cpp">
      <Filter>Common</Filter>
    </ClCompile>
    <ClCompile Include="qcommon\vm.cpp">
      <Filter>Common</Filter>
    </ClCompile>
    <ClCompile Include="qcommon\vm_interpreted.cpp">
      <Filter>Common</Filter>
    </ClCompile>
    <ClCompile Include="qcommon\vm_x86.cpp">
      <Filter>Common</Filter>
    </ClCompile>
    <ClCompile Include="encryption\buffer.cpp">
      <Filter>encryption</Filter>
    </ClCompile>
    <ClCompile Include="encryption\cpp_interface.cpp">
      <Filter>encryption</Filter>
    </ClCompile>
    <ClCompile Include="encryption\sockets.cpp">
      <Filter>encryption</Filter>
    </ClCompile>
    <ClCompile Include="ghoul2\G2_API.cpp">
      <Filter>Ghoul2</Filter>
    </ClCompile>
    <ClCompile Include="ghoul2\G2_bolts.cpp">
      <Filter>Ghoul2</Filter>
    </ClCompile>
    <ClCompile Include="ghoul2\G2_bones.cpp">
      <Filter>Ghoul2</Filter>
    </ClCompile>
    <ClCompile Include="ghoul2\G2_misc.cpp">
      <Filter>Ghoul2</Filter>
    </ClCompile>
    <ClCompile Include="ghoul2\G2_surfaces.cpp">
      <Filter>Ghoul2</Filter>
    </ClCompile>
    <ClCompile Include="renderer\matcomp.c">
      <Filter>Renderer</Filter>
    </ClCompile>
    <ClCompile Include="renderer\tr_animation.cpp">
      <Filter>Renderer</Filter>
    </ClCompile>
    <ClCompile Include="renderer\tr_backend.cpp">
      <Filter>Renderer</Filter>
    </ClCompile>
    <ClCompile Include="renderer\tr_bsp.cpp">
      <Filter>Renderer</Filter>
    </ClCompile>
    <ClCompile Include="renderer\tr_cmds.cpp">
      <Filter>Renderer</Filter>
    </ClCompile>
    <ClCompile Include="renderer\tr_curve.cpp">
      <Filter>Renderer</Filter>
    </ClCompile>
    <ClCompile Include="renderer\tr_flares.cpp">
      <Filter>Renderer</Filter>
    </ClCompile>
    <ClCompile Include="renderer\tr_font.cpp">
      <Filter>Renderer</Filter>
    </ClCompile>
    <ClCompile Include="renderer\tr_ghoul2.cpp">
      <Filter>Renderer</Filter>
    </ClCompile>
    <ClCompile Include="renderer\tr_image.cpp">
      <Filter>Renderer</Filter>
    </ClCompile>
    <ClCompile Include="renderer\tr_init.cpp">
      <Filter>Renderer</Filter>
    </ClCompile>
    <ClCompile Include="renderer\tr_light.cpp">
      <Filter>Renderer</Filter>
    </ClCompile>
    <ClCompile Include="renderer\tr_main.cpp">
      <Filter>Renderer</Filter>
    </ClCompile>
    <ClCompile Include="renderer\tr_marks.cpp">
      <Filter>Renderer</Filter>
    </ClCompile>
    <ClCompile Include="renderer\tr_mesh.cpp">
      <Filter>Renderer</Filter>
    </ClCompile>
    <ClCompile Include="renderer\tr_model.cpp">
      <Filter>Renderer</Filter>
    </ClCompile>
    <ClCompile Include="renderer\tr_noise.cpp">
      <Filter>Renderer</Filter>
    </ClCompile>
    <ClCompile Include="renderer\tr_quicksprite.cpp">
      <Filter>Renderer</Filter>
    </ClCompile>
    <ClCompile Include="renderer\tr_scene.cpp">
      <Filter>Renderer</Filter>
    </ClCompile>
    <ClCompile Include="renderer\tr_shade.cpp">
      <Filter>Renderer</Filter>
    </ClCompile>
    <ClCompile Include="renderer\tr_shade_calc.cpp">
      <Filter>Renderer</Filter>
    </ClCompile>
    <ClCompile Include="renderer\tr_shader.cpp">
      <Filter>Renderer</Filter>
    </ClCompile>
    <ClCompile Include="renderer\tr_shadows.cpp">
      <Filter>Renderer</Filter>
    </ClCompile>
    <ClCompile Include="renderer\tr_sky.cpp">
      <Filter>Renderer</Filter>
    </ClCompile>
    <ClCompile Include="renderer\tr_surface.cpp">
      <Filter>Renderer</Filter>
    </ClCompile>
    <ClCompile Include="renderer\tr_surfacesprites.cpp">
      <Filter>Renderer</Filter>
    </ClCompile>
    <ClCompile Include="renderer\tr_world.cpp">
      <Filter>Renderer</Filter>
    </ClCompile>
    <ClCompile Include="renderer\tr_WorldEffects.cpp">
      <Filter>Renderer</Filter>
    </ClCompile>
    <ClCompile Include="win32\win_gamma.cpp">
      <Filter>Renderer</Filter>
    </ClCompile>
    <ClCompile Include="win32\win_glimp.cpp">
      <Filter>Renderer</Filter>
    </ClCompile>
    <ClCompile Include="win32\win_qgl.cpp">
      <Filter>Renderer</Filter>
    </ClCompile>
    <ClCompile Include="server\sv_bot.cpp">
      <Filter>Server</Filter>
    </ClCompile>
    <ClCompile Include="server\sv_ccmds.cpp">
      <Filter>Server</Filter>
    </ClCompile>
    <ClCompile Include="server\sv_client.cpp">
      <Filter>Server</Filter>
    </ClCompile>
    <ClCompile Include="server\sv_game.cpp">
      <Filter>Server</Filter>
    </ClCompile>
    <ClCompile Include="server\sv_init.cpp">
      <Filter>Server</Filter>
    </ClCompile>
    <ClCompile Include="server\sv_main.cpp">
      <Filter>Server</Filter>
    </ClCompile>
    <ClCompile Include="server\sv_net_chan.cpp">
      <Filter>Server</Filter>
    </ClCompile>
    <ClCompile Include="server\sv_snapshot.cpp">
      <Filter>Server</Filter>
    </ClCompile>
    <ClCompile Include="server\sv_world.cpp">
      <Filter>Server</Filter>
    </ClCompile>
    <ClCompile Include="client\snd_dma.cpp">
      <Filter>Sound</Filter>
    </ClCompile>
    <ClCompile Include="client\snd_mem.cpp">
      <Filter>Sound</Filter>
    </ClCompile>
    <ClCompile Include="client\snd_mix.cpp">
      <Filter>Sound</Filter>
    </ClCompile>
    <ClCompile Include="win32\win_input.cpp">
      <Filter>Win32</Filter>
    </ClCompile>
    <ClCompile Include="win32\win_main.cpp">
      <Filter>Win32</Filter>
    </ClCompile>
    <ClCompile Include="win32\win_net.cpp">
      <Filter>Win32</Filter>
    </ClCompile>
    <ClCompile Include="win32\win_shared.cpp">
      <Filter>Win32</Filter>
    </ClCompile>
    <ClCompile Include="win32\win_snd.cpp">
      <Filter>Win32</Filter>
    </ClCompile>
    <ClCompile Include="win32\win_syscon.cpp">
      <Filter>Win32</Filter>
    </ClCompile>
    <ClCompile Include="win32\win_wndproc.cpp">
      <Filter>Win32</Filter>
    </ClCompile>
    <ClCompile Include="zlib\adler32.c">
      <Filter>zlib</Filter>
    </ClCompile>
    <ClCompile Include="zlib\crc32.cpp">
      <Filter>zlib</Filter>
    </ClCompile>
    <ClCompile Include="zlib\deflate.c">
      <Filter>zlib</Filter>
    </ClCompile>
    <ClCompile Include="zlib\infblock.c">
      <Filter>zlib</Filter>
    </ClCompile>
    <ClCompile Include="zlib\infcodes.c">
      <Filter>zlib</Filter>
    </ClCompile>
    <ClCompile Include="zlib\inffast.c">
      <Filter>zlib</Filter>
    </ClCompile>
    <ClCompile Include="zlib\inflate.c">
      <Filter>zlib</Filter>
    </ClCompile>
    <ClCompile Include="zlib\inftrees.c">
      <Filter>zlib</Filter>
    </ClCompile>
    <ClCompile Include="zlib\infutil.c">
      <Filter>zlib</Filter>
    </ClCompile>
    <ClCompile Include="zlib\trees.c">
      <Filter>zlib</Filter>
    </ClCompile>
    <ClCompile Include="zlib\zutil.c">
      <Filter>zlib</Filter>
    </ClCompile>
    <ClCompile Include="botlib\be_aas_bspq3.cpp">
      <Filter>botlib\Source Files</Filter>
    </ClCompile>
    <ClCompile Include="botlib\be_aas_cluster.cpp">
      <Filter>botlib\Source Files</Filter>
    </ClCompile>
    <ClCompile Include="botlib\be_aas_debug.cpp">
      <Filter>botlib\Source Files</Filter>
    </ClCompile>
    <ClCompile Include="botlib\be_aas_entity.cpp">
      <Filter>botlib\Source Files</Filter>
    </ClCompile>
    <ClCompile Include="botlib\be_aas_file.cpp">
      <Filter>botlib\Source Files</Filter>
    </ClCompile>
    <ClCompile Include="botlib\be_aas_main.cpp">
      <Filter>botlib\Source Files</Filter>
    </ClCompile>
    <ClCompile Include="botlib\be_aas_move.cpp">
      <Filter>botlib\Source Files</Filter>
    </ClCompile>
    <ClCompile Include="botlib\be_aas_optimize.cpp">
      <Filter>botlib\Source Files</Filter>
    </ClCompile>
    <ClCompile Include="botlib\be_aas_reach.cpp">
      <Filter>botlib\Source Files</Filter>
    </ClCompile>
    <ClCompile Include="botlib\be_aas_route.cpp">
      <Filter>botlib\Source Files</Filter>
    </ClCompile>
    <ClCompile Include="botlib\be_aas_routealt.cpp">
      <Filter>botlib\Source Files</Filter>
    </ClCompile>
    <ClCompile Include="botlib\be_aas_sample.cpp">
      <Filter>botlib\Source Files</Filter>
    </ClCompile>
    <ClCompile Include="botlib\be_ai_char.cpp">
      <Filter>botlib\Source Files</Filter>
    </ClCompile>
    <ClCompile Include="botlib\be_ai_chat.cpp">
      <Filter>botlib\Source Files</Filter>
    </ClCompile>
    <ClCompile Include="botlib\be_ai_gen.cpp">
      <Filter>botlib\Source Files</Filter>
    </ClCompile>
    <ClCompile Include="botlib\be_ai_goal.cpp">
      <Filter>botlib\Source Files</Filter>
    </ClCompile>
    <ClCompile Include="botlib\be_ai_move.cpp">
      <Filter>botlib\Source Files</Filter>
    </ClCompile>
    <ClCompile Include="botlib\be_ai_weap.cpp">
      <Filter>botlib\Source Files</Filter>
    </ClCompile>
    <ClCompile Include="botlib\be_ai_weight.cpp">
      <Filter>botlib\Source Files</Filter>
    </ClCompile>
    <ClCompile Include="botlib\be_ea.cpp">
      <Filter>botlib\Source Files</Filter>
    </ClCompile>
    <ClCompile Include="botlib\be_interface.cpp">
      <Filter>botlib\Source Files</Filter>
    </ClCompile>
    <ClCompile Include="botlib\l_crc.cpp">
      <Filter>botlib\Source Files</Filter>
    </ClCompile>
    <ClCompile Include="botlib\l_libvar.cpp">
      <Filter>botlib\Source Files</Filter>
    </ClCompile>
    <ClCompile Include="botlib\l_log.cpp">
      <Filter>botlib\Source Files</Filter>
    </ClCompile>
    <ClCompile Include="botlib\l_memory.cpp">
      <Filter>botlib\Source Files</Filter>
    </ClCompile>
    <ClCompile Include="botlib\l_precomp.cpp">
      <Filter>botlib\Source Files</Filter>
    </ClCompile>
    <ClCompile Include="botlib\l_script.cpp">
      <Filter>botlib\Source Files</Filter>
    </ClCompile>
    <ClCompile Include="botlib\l_struct.cpp">
      <Filter>botlib\Source Files</Filter>
    </ClCompile>
    <ClCompile Include="client\cl_demos.cpp">
      <Filter>Client</Filter>
    </ClCompile>
    <ClCompile Include="client\cl_mme.cpp">
      <Filter>Client</Filter>
    </ClCompile>
    <ClCompile Include="client\snd_mme.cpp">
      <Filter>Sound</Filter>
    </ClCompile>
    <ClCompile Include="client\snd_effects.cpp">
      <Filter>Sound</Filter>
    </ClCompile>
    <ClCompile Include="renderer\tr_mme.cpp">
      <Filter>Renderer</Filter>
    </ClCompile>
    <ClCompile Include="renderer\tr_mme_sse2.cpp">
      <Filter>Renderer</Filter>
    </ClCompile>
    <ClCompile Include="renderer\tr_mme_stereo.cpp">
      <Filter>Renderer</Filter>
    </ClCompile>
    <ClCompile Include="renderer\tr_mme_avi.cpp">
      <Filter>Renderer</Filter>
    </ClCompile>
    <ClCompile Include="renderer\tr_mme_common.cpp">
      <Filter>Renderer</Filter>
    </ClCompile>
    <ClCompile Include="libpng\png.c">
      <Filter>Renderer\libpng</Filter>
    </ClCompile>
    <ClCompile Include="libpng\pngerror.c">
      <Filter>Renderer\libpng</Filter>
    </ClCompile>
    <ClCompile Include="libpng\pngget.c">
      <Filter>Renderer\libpng</Filter>
    </ClCompile>
    <ClCompile Include="libpng\pngmem.c">
      <Filter>Renderer\libpng</Filter>
    </ClCompile>
    <ClCompile Include="libpng\pngpread.c">
      <Filter>Renderer\libpng</Filter>
    </ClCompile>
    <ClCompile Include="libpng\pngread.c">
      <Filter>Renderer\libpng</Filter>
    </ClCompile>
    <ClCompile Include="libpng\pngrio.c">
      <Filter>Renderer\libpng</Filter>
    </ClCompile>
    <ClCompile Include="libpng\pngrtran.c">
      <Filter>Renderer\libpng</Filter>
    </ClCompile>
    <ClCompile Include="libpng\pngrutil.c">
      <Filter>Renderer\libpng</Filter>
    </ClCompile>
    <ClCompile Include="libpng\pngset.c">
      <Filter>Renderer\libpng</Filter>
    </ClCompile>
    <ClCompile Include="libpng\pngtrans.c">
      <Filter>Renderer\libpng</Filter>
    </ClCompile>
    <ClCompile Include="libpng\pngwio.c">
      <Filter>Renderer\libpng</Filter>
    </ClCompile>
    <ClCompile Include="libpng\pngwrite.c">
      <Filter>Renderer\libpng</Filter>
    </ClCompile>
    <ClCompile Include="libpng\pngwtran.c">
      <Filter>Renderer\libpng</Filter>
    </ClCompile>
    <ClCompile Include="libpng\pngwutil.c">
      <Filter>Renderer\libpng</Filter>
    </ClCompile>
    <ClCompile Include="png\rpng.cpp">
      <Filter>Renderer\png</Filter>
    </ClCompile>
    <ClCompile Include="client\snd_main.cpp">
      <Filter>Sound</Filter>
    </ClCompile>
    <ClCompile Include="renderer\tr_mme_font.cpp">
      <Filter>Renderer</Filter>
    </ClCompile>
    <ClCompile Include="renderer\tr_framebuffer.cpp">
      <Filter>Renderer</Filter>
    </ClCompile>
    <ClCompile Include="renderer\tr_glsl.cpp">
      <Filter>Renderer</Filter>
    </ClCompile>
    <ClCompile Include="jpeg-9a\jaricom.c">
      <Filter>Renderer\jpeg files\JPG Source</Filter>
    </ClCompile>
    <ClCompile Include="jpeg-9a\jcapimin.c">
      <Filter>Renderer\jpeg files\JPG Source</Filter>
    </ClCompile>
    <ClCompile Include="jpeg-9a\jcapistd.c">
      <Filter>Renderer\jpeg files\JPG Source</Filter>
    </ClCompile>
    <ClCompile Include="jpeg-9a\jcarith.c">
      <Filter>Renderer\jpeg files\JPG Source</Filter>
    </ClCompile>
    <ClCompile Include="jpeg-9a\jccoefct.c">
      <Filter>Renderer\jpeg files\JPG Source</Filter>
    </ClCompile>
    <ClCompile Include="jpeg-9a\jccolor.c">
      <Filter>Renderer\jpeg files\JPG Source</Filter>
    </ClCompile>
    <ClCompile Include="jpeg-9a\jcdctmgr.c">
      <Filter>Renderer\jpeg files\JPG Source</Filter>
    </ClCompile>
    <ClCompile Include="jpeg-9a\jchuff.c">
      <Filter>Renderer\jpeg files\JPG Source</Filter>
    </ClCompile>
    <ClCompile Include="jpeg-9a\jcinit.c">
      <Filter>Renderer\jpeg files\JPG Source</Filter>
    </ClCompile>
    <ClCompile Include="jpeg-9a\jcmainct.c">
      <Filter>Renderer\jpeg files\JPG Source</Filter>
    </ClCompile>
    <ClCompile Include="jpeg-9a\jcmarker.c">
      <Filter>Renderer\jpeg files\JPG Source</Filter>
    </ClCompile>
    <ClCompile Include="jpeg-9a\jcmaster.c">
      <Filter>Renderer\jpeg files\JPG Source</Filter>
    </ClCompile>
    <ClCompile Include="jpeg-9a\jcomapi.c">
      <Filter>Renderer\jpeg files\JPG Source</Filter>
    </ClCompile>
    <ClCompile Include="jpeg-9a\jcparam.c">
      <Filter>Renderer\jpeg files\JPG Source</Filter>
    </ClCompile>
    <ClCompile Include="jpeg-9a\jcprepct.c">
      <Filter>Renderer\jpeg files\JPG Source</Filter>
    </ClCompile>
    <ClCompile Include="jpeg-9a\jcsample.c">
      <Filter>Renderer\jpeg files\JPG Source</Filter>
    </ClCompile>
    <ClCompile Include="jpeg-9a\jctrans.c">
      <Filter>Renderer\jpeg files\JPG Source</Filter>
    </ClCompile>
    <ClCompile Include="jpeg-9a\jdapimin.c">
      <Filter>Renderer\jpeg files\JPG Source</Filter>
    </ClCompile>
    <ClCompile Include="jpeg-9a\jdapistd.c">
      <Filter>Renderer\jpeg files\JPG Source</Filter>
    </ClCompile>
    <ClCompile Include="jpeg-9a\jdarith.c">
      <Filter>Renderer\jpeg files\JPG Source</Filter>
    </ClCompile>
    <ClCompile Include="jpeg-9a\jdatadst.c">
      <Filter>Renderer\jpeg files\JPG Source</Filter>
    </ClCompile>
    <ClCompile Include="jpeg-9a\jdatasrc.c">
      <Filter>Renderer\jpeg files\JPG Source</Filter>
    </ClCompile>
    <ClCompile Include="jpeg-9a\jdcoefct.c">
      <Filter>Renderer\jpeg files\JPG Source</Filter>
    </ClCompile>
    <ClCompile Include="jpeg-9a\jdcolor.c">
      <Filter>Renderer\jpeg files\JPG Source</Filter>
    </ClCompile>
    <ClCompile Include="jpeg-9a\jddctmgr.c">
      <Filter>Renderer\jpeg files\JPG Source</Filter>
    </ClCompile>
    <ClCompile Include="jpeg-9a\jdhuff.c">
      <Filter>Renderer\jpeg files\JPG Source</Filter>
    </ClCompile>
    <ClCompile Include="jpeg-9a\jdinput.c">
      <Filter>Renderer\jpeg files\JPG Source</Filter>
    </ClCompile>
    <ClCompile Include="jpeg-9a\jdmainct.c">
      <Filter>Renderer\jpeg files\JPG Source</Filter>
    </ClCompile>
    <ClCompile Include="jpeg-9a\jdmarker.c">
      <Filter>Renderer\jpeg files\JPG Source</Filter>
    </ClCompile>
    <ClCompile Include="jpeg-9a\jdmaster.c">
      <Filter>Renderer\jpeg files\JPG Source</Filter>
    </ClCompile>
    <ClCompile Include="jpeg-9a\jdmerge.c">
      <Filter>Renderer\jpeg files\JPG Source</Filter>
    </ClCompile>
    <ClCompile Include="jpeg-9a\jdpostct.c">
      <Filter>Renderer\jpeg files\JPG Source</Filter>
    </ClCompile>
    <ClCompile Include="jpeg-9a\jdsample.c">
      <Filter>Renderer\jpeg files\JPG Source</Filter>
    </ClCompile>
    <ClCompile Include="jpeg-9a\jdtrans.c">
      <Filter>Renderer\jpeg files\JPG Source</Filter>
    </ClCompile>
    <ClCompile Include="jpeg-9a\jerror.c">
      <Filter>Renderer\jpeg files\JPG Source</Filter>
    </ClCompile>
    <ClCompile Include="jpeg-9a\jfdctflt.c">
      <Filter>Renderer\jpeg files\JPG Source</Filter>
    </ClCompile>
    <ClCompile Include="jpeg-9a\jfdctfst.c">
      <Filter>Renderer\jpeg files\JPG Source</Filter>
    </ClCompile>
    <ClCompile Include="jpeg-9a\jfdctint.c">
      <Filter>Renderer\jpeg files\JPG Source</Filter>
    </ClCompile>
    <ClCompile Include="jpeg-9a\jidctflt.c">
      <Filter>Renderer\jpeg files\JPG Source</Filter>
    </ClCompile>
    <ClCompile Include="jpeg-9a\jidctfst.c">
      <Filter>Renderer\jpeg files\JPG Source</Filter>
    </ClCompile>
    <ClCompile Include="jpeg-9a\jidctint.c">
      <Filter>Renderer\jpeg files\JPG Source</Filter>
    </ClCompile>
    <ClCompile Include="jpeg-9a\jmemmgr.c">
      <Filter>Renderer\jpeg files\JPG Source</Filter>
    </ClCompile>
    <ClCompile Include="jpeg-9a\jmemnobs.c">
      <Filter>Renderer\jpeg files\JPG Source</Filter>
    </ClCompile>
    <ClCompile Include="jpeg-9a\jquant1.c">
      <Filter>Renderer\jpeg files\JPG Source</Filter>
    </ClCompile>
    <ClCompile Include="jpeg-9a\jquant2.c">
      <Filter>Renderer\jpeg files\JPG Source</Filter>
    </ClCompile>
    <ClCompile Include="jpeg-9a\jutils.c">
      <Filter>Renderer\jpeg files\JPG Source</Filter>
    </ClCompile>
    <ClCompile Include="jpeg-9a\rdbmp.c">
      <Filter>Renderer\jpeg files\JPG Source</Filter>
    </ClCompile>
    <ClCompile Include="jpeg-9a\rdcolmap.c">
      <Filter>Renderer\jpeg files\JPG Source</Filter>
    </ClCompile>
    <ClCompile Include="jpeg-9a\rdgif.c">
      <Filter>Renderer\jpeg files\JPG Source</Filter>
    </ClCompile>
    <ClCompile Include="jpeg-9a\rdppm.c">
      <Filter>Renderer\jpeg files\JPG Source</Filter>
    </ClCompile>
    <ClCompile Include="jpeg-9a\rdrle.c">
      <Filter>Renderer\jpeg files\JPG Source</Filter>
    </ClCompile>
    <ClCompile Include="jpeg-9a\rdswitch.c">
      <Filter>Renderer\jpeg files\JPG Source</Filter>
    </ClCompile>
    <ClCompile Include="jpeg-9a\rdtarga.c">
      <Filter>Renderer\jpeg files\JPG Source</Filter>
    </ClCompile>
    <ClCompile Include="jpeg-9a\transupp.c">
      <Filter>Renderer\jpeg files\JPG Source</Filter>
    </ClCompile>
    <ClCompile Include="jpeg-9a\wrbmp.c">
      <Filter>Renderer\jpeg files\JPG Source</Filter>
    </ClCompile>
    <ClCompile Include="jpeg-9a\wrgif.c">
      <Filter>Renderer\jpeg files\JPG Source</Filter>
    </ClCompile>
    <ClCompile Include="jpeg-9a\wrppm.c">
      <Filter>Renderer\jpeg files\JPG Source</Filter>
    </ClCompile>
    <ClCompile Include="jpeg-9a\wrrle.c">
      <Filter>Renderer\jpeg files\JPG Source</Filter>
    </ClCompile>
    <ClCompile Include="jpeg-9a\wrtarga.c">
      <Filter>Renderer\jpeg files\JPG Source</Filter>
    </ClCompile>
    <ClCompile Include="client\cl_demos_cut.cpp">
      <Filter>Client</Filter>
    </ClCompile>
    <ClCompile Include="hypersonic-rle\bit_mmtf.c">
      <Filter>hypersonic-rle</Filter>
    </ClCompile>
    <ClCompile Include="hypersonic-rle\main.c">
      <Filter>hypersonic-rle</Filter>
    </ClCompile>
    <ClCompile Include="hypersonic-rle\mmtf.c">
      <Filter>hypersonic-rle</Filter>
    </ClCompile>
    <ClCompile Include="hypersonic-rle\rle_fuzz.c">
      <Filter>hypersonic-rle</Filter>
    </ClCompile>
    <ClCompile Include="hypersonic-rle\rle_sh.c">
      <Filter>hypersonic-rle</Filter>
    </ClCompile>
    <ClCompile Include="hypersonic-rle\rle8_extreme_cpu.c">
      <Filter>hypersonic-rle</Filter>
    </ClCompile>
    <ClCompile Include="hypersonic-rle\rle8_low_entropy_cpu.c">
      <Filter>hypersonic-rle</Filter>
    </ClCompile>
    <ClCompile Include="hypersonic-rle\rle8_low_entropy_short_cpu.c">
      <Filter>hypersonic-rle</Filter>
    </ClCompile>
    <ClCompile Include="hypersonic-rle\rle8_mmtf.c">
      <Filter>hypersonic-rle</Filter>
    </ClCompile>
    <ClCompile Include="hypersonic-rle\rle8_ocl.c">
      <Filter>hypersonic-rle</Filter>
    </ClCompile>
    <ClCompile Include="hypersonic-rle\rle24_extreme_cpu.c">
      <Filter>hypersonic-rle</Filter>
    </ClCompile>
    <ClCompile Include="hypersonic-rle\rle48_extreme_cpu.c">
      <Filter>hypersonic-rle</Filter>
    </ClCompile>
    <ClCompile Include="hypersonic-rle\rle128_extreme_cpu.c">
      <Filter>hypersonic-rle</Filter>
    </ClCompile>
    <ClCompile Include="hypersonic-rle\rleX_extreme_cpu.c">
      <Filter>hypersonic-rle</Filter>
    </ClCompile>
    <ClCompile Include="hypersonic-rle\rleX_Xsl.c">
      <Filter>hypersonic-rle</Filter>
    </ClCompile>
    <ClCompile Include="hypersonic-rle\rleX_Xsl_short.c">
      <Filter>hypersonic-rle</Filter>
    </ClCompile>
    <ClCompile Include="hypersonic-rle\simd_platform.c">
      <Filter>hypersonic-rle</Filter>
    </ClCompile>
    <ClCompile Include="qcommon\matcomp.cpp">
      <Filter>Common</Filter>
    </ClCompile>
    <ClCompile Include="videometa\VideoMetaHelper.cpp">
      <Filter>Renderer\videometa</Filter>
    </ClCompile>
  </ItemGroup>
  <ItemGroup>
    <ClInclude Include="client\client.h">
      <Filter>Client</Filter>
    </ClInclude>
    <ClInclude Include="client\FXExport.h">
      <Filter>Client</Filter>
    </ClInclude>
    <ClInclude Include="client\FxPrimitives.h">
      <Filter>Client</Filter>
    </ClInclude>
    <ClInclude Include="client\FxScheduler.h">
      <Filter>Client</Filter>
    </ClInclude>
    <ClInclude Include="client\FxSystem.h">
      <Filter>Client</Filter>
    </ClInclude>
    <ClInclude Include="client\FxUtil.h">
      <Filter>Client</Filter>
    </ClInclude>
    <ClInclude Include="game\bg_public.h">
      <Filter>Common</Filter>
    </ClInclude>
    <ClInclude Include="cgame\cg_public.h">
      <Filter>Common</Filter>
    </ClInclude>
    <ClInclude Include="qcommon\chash.h">
      <Filter>Common</Filter>
    </ClInclude>
    <ClInclude Include="qcommon\cm_local.h">
      <Filter>Common</Filter>
    </ClInclude>
    <ClInclude Include="qcommon\cm_patch.h">
      <Filter>Common</Filter>
    </ClInclude>
    <ClInclude Include="qcommon\cm_polylib.h">
      <Filter>Common</Filter>
    </ClInclude>
    <ClInclude Include="qcommon\cm_public.h">
      <Filter>Common</Filter>
    </ClInclude>
    <ClInclude Include="qcommon\game_version.h">
      <Filter>Common</Filter>
    </ClInclude>
    <ClInclude Include="qcommon\GenericParser2.h">
      <Filter>Common</Filter>
    </ClInclude>
    <ClInclude Include="qcommon\hstring.h">
      <Filter>Common</Filter>
    </ClInclude>
    <ClInclude Include="qcommon\INetProfile.h">
      <Filter>Common</Filter>
    </ClInclude>
    <ClInclude Include="qcommon\MiniHeap.h">
      <Filter>Common</Filter>
    </ClInclude>
    <ClInclude Include="qcommon\qcommon.h">
      <Filter>Common</Filter>
    </ClInclude>
    <ClInclude Include="qcommon\qfiles.h">
      <Filter>Common</Filter>
    </ClInclude>
    <ClInclude Include="qcommon\RoffSystem.h">
      <Filter>Common</Filter>
    </ClInclude>
    <ClInclude Include="qcommon\sstring.h">
      <Filter>Common</Filter>
    </ClInclude>
    <ClInclude Include="qcommon\strip.h">
      <Filter>Common</Filter>
    </ClInclude>
    <ClInclude Include="qcommon\tags.h">
      <Filter>Common</Filter>
    </ClInclude>
    <ClInclude Include="qcommon\unzip.h">
      <Filter>Common</Filter>
    </ClInclude>
    <ClInclude Include="qcommon\vm_local.h">
      <Filter>Common</Filter>
    </ClInclude>
    <ClInclude Include="game\g_public.h">
      <Filter>Common</Filter>
    </ClInclude>
    <ClInclude Include="client\keys.h">
      <Filter>Common</Filter>
    </ClInclude>
    <ClInclude Include="ui\keycodes.h">
      <Filter>Common</Filter>
    </ClInclude>
    <ClInclude Include="renderer\qgl.h">
      <Filter>Common</Filter>
    </ClInclude>
    <ClInclude Include="game\surfaceflags.h">
      <Filter>Common</Filter>
    </ClInclude>
    <ClInclude Include="encryption\buffer.h">
      <Filter>encryption</Filter>
    </ClInclude>
    <ClInclude Include="encryption\cpp_interface.h">
      <Filter>encryption</Filter>
    </ClInclude>
    <ClInclude Include="encryption\encryption.h">
      <Filter>encryption</Filter>
    </ClInclude>
    <ClInclude Include="encryption\sockets.h">
      <Filter>encryption</Filter>
    </ClInclude>
    <ClInclude Include="ghoul2\G2.h">
      <Filter>Ghoul2</Filter>
    </ClInclude>
    <ClInclude Include="ghoul2\G2_gore.h">
      <Filter>Ghoul2</Filter>
    </ClInclude>
    <ClInclude Include="ghoul2\G2_local.h">
      <Filter>Ghoul2</Filter>
    </ClInclude>
    <ClInclude Include="ghoul2\ghoul2_shared.h">
      <Filter>Ghoul2</Filter>
    </ClInclude>
    <ClInclude Include="renderer\mdx_format.h">
      <Filter>Ghoul2</Filter>
    </ClInclude>
    <ClInclude Include="game\be_ai_goal.h">
      <Filter>Header Files</Filter>
    </ClInclude>
    <ClInclude Include="game\bg_weapons.h">
      <Filter>Header Files</Filter>
    </ClInclude>
    <ClInclude Include="ui\ui_public.h">
      <Filter>Header Files</Filter>
    </ClInclude>
    <ClInclude Include="game\botlib.h">
      <Filter>Header Files</Filter>
    </ClInclude>
    <ClInclude Include="qcommon\disablewarnings.h">
      <Filter>Header Files</Filter>
    </ClInclude>
    <ClInclude Include="win32\resource.h">
      <Filter>Header Files</Filter>
    </ClInclude>
    <ClInclude Include="renderer\glext.h">
      <Filter>Renderer</Filter>
    </ClInclude>
    <ClInclude Include="renderer\matcomp.h">
      <Filter>Renderer</Filter>
    </ClInclude>
    <ClInclude Include="renderer\tr_font.h">
      <Filter>Renderer</Filter>
    </ClInclude>
    <ClInclude Include="renderer\tr_local.h">
      <Filter>Renderer</Filter>
    </ClInclude>
    <ClInclude Include="renderer\tr_public.h">
      <Filter>Renderer</Filter>
    </ClInclude>
    <ClInclude Include="renderer\tr_quicksprite.h">
      <Filter>Renderer</Filter>
    </ClInclude>
    <ClInclude Include="renderer\tr_WorldEffects.h">
      <Filter>Renderer</Filter>
    </ClInclude>
    <ClInclude Include="win32\glw_win.h">
      <Filter>Renderer</Filter>
    </ClInclude>
    <ClInclude Include="cgame\tr_types.h">
      <Filter>Renderer</Filter>
    </ClInclude>
    <ClInclude Include="server\server.h">
      <Filter>Server</Filter>
    </ClInclude>
    <ClInclude Include="client\snd_local.h">
      <Filter>Sound</Filter>
    </ClInclude>
    <ClInclude Include="client\snd_public.h">
      <Filter>Sound</Filter>
    </ClInclude>
    <ClInclude Include="strings\con_text.h">
      <Filter>strings</Filter>
    </ClInclude>
    <ClInclude Include="strings\str_server.h">
      <Filter>strings</Filter>
    </ClInclude>
    <ClInclude Include="win32\win_local.h">
      <Filter>Win32</Filter>
    </ClInclude>
    <ClInclude Include="zlib\deflate.h">
      <Filter>zlib</Filter>
    </ClInclude>
    <ClInclude Include="zlib\infblock.h">
      <Filter>zlib</Filter>
    </ClInclude>
    <ClInclude Include="zlib\infcodes.h">
      <Filter>zlib</Filter>
    </ClInclude>
    <ClInclude Include="zlib\inffast.h">
      <Filter>zlib</Filter>
    </ClInclude>
    <ClInclude Include="zlib\inffixed.h">
      <Filter>zlib</Filter>
    </ClInclude>
    <ClInclude Include="zlib\inftrees.h">
      <Filter>zlib</Filter>
    </ClInclude>
    <ClInclude Include="zlib\infutil.h">
      <Filter>zlib</Filter>
    </ClInclude>
    <ClInclude Include="zlib\trees.h">
      <Filter>zlib</Filter>
    </ClInclude>
    <ClInclude Include="zlib\zconf.h">
      <Filter>zlib</Filter>
    </ClInclude>
    <ClInclude Include="zlib\zlib.h">
      <Filter>zlib</Filter>
    </ClInclude>
    <ClInclude Include="zlib\zutil.h">
      <Filter>zlib</Filter>
    </ClInclude>
    <ClInclude Include="botlib\aasfile.h">
      <Filter>botlib\Header Files</Filter>
    </ClInclude>
    <ClInclude Include="botlib\be_aas_bsp.h">
      <Filter>botlib\Header Files</Filter>
    </ClInclude>
    <ClInclude Include="botlib\be_aas_cluster.h">
      <Filter>botlib\Header Files</Filter>
    </ClInclude>
    <ClInclude Include="botlib\be_aas_debug.h">
      <Filter>botlib\Header Files</Filter>
    </ClInclude>
    <ClInclude Include="botlib\be_aas_def.h">
      <Filter>botlib\Header Files</Filter>
    </ClInclude>
    <ClInclude Include="botlib\be_aas_entity.h">
      <Filter>botlib\Header Files</Filter>
    </ClInclude>
    <ClInclude Include="botlib\be_aas_file.h">
      <Filter>botlib\Header Files</Filter>
    </ClInclude>
    <ClInclude Include="botlib\be_aas_funcs.h">
      <Filter>botlib\Header Files</Filter>
    </ClInclude>
    <ClInclude Include="botlib\be_aas_main.h">
      <Filter>botlib\Header Files</Filter>
    </ClInclude>
    <ClInclude Include="botlib\be_aas_move.h">
      <Filter>botlib\Header Files</Filter>
    </ClInclude>
    <ClInclude Include="botlib\be_aas_optimize.h">
      <Filter>botlib\Header Files</Filter>
    </ClInclude>
    <ClInclude Include="botlib\be_aas_reach.h">
      <Filter>botlib\Header Files</Filter>
    </ClInclude>
    <ClInclude Include="botlib\be_aas_route.h">
      <Filter>botlib\Header Files</Filter>
    </ClInclude>
    <ClInclude Include="botlib\be_aas_routealt.h">
      <Filter>botlib\Header Files</Filter>
    </ClInclude>
    <ClInclude Include="botlib\be_aas_sample.h">
      <Filter>botlib\Header Files</Filter>
    </ClInclude>
    <ClInclude Include="botlib\be_ai_weight.h">
      <Filter>botlib\Header Files</Filter>
    </ClInclude>
    <ClInclude Include="botlib\be_interface.h">
      <Filter>botlib\Header Files</Filter>
    </ClInclude>
    <ClInclude Include="botlib\l_crc.h">
      <Filter>botlib\Header Files</Filter>
    </ClInclude>
    <ClInclude Include="botlib\l_libvar.h">
      <Filter>botlib\Header Files</Filter>
    </ClInclude>
    <ClInclude Include="botlib\l_log.h">
      <Filter>botlib\Header Files</Filter>
    </ClInclude>
    <ClInclude Include="botlib\l_memory.h">
      <Filter>botlib\Header Files</Filter>
    </ClInclude>
    <ClInclude Include="botlib\l_precomp.h">
      <Filter>botlib\Header Files</Filter>
    </ClInclude>
    <ClInclude Include="botlib\l_script.h">
      <Filter>botlib\Header Files</Filter>
    </ClInclude>
    <ClInclude Include="botlib\l_struct.h">
      <Filter>botlib\Header Files</Filter>
    </ClInclude>
    <ClInclude Include="botlib\l_utils.h">
      <Filter>botlib\Header Files</Filter>
    </ClInclude>
    <ClInclude Include="game\be_aas.h">
      <Filter>botlib\Header Files</Filter>
    </ClInclude>
    <ClInclude Include="game\be_ai_char.h">
      <Filter>botlib\Header Files</Filter>
    </ClInclude>
    <ClInclude Include="game\be_ai_chat.h">
      <Filter>botlib\Header Files</Filter>
    </ClInclude>
    <ClInclude Include="game\be_ai_gen.h">
      <Filter>botlib\Header Files</Filter>
    </ClInclude>
    <ClInclude Include="game\be_ai_move.h">
      <Filter>botlib\Header Files</Filter>
    </ClInclude>
    <ClInclude Include="game\be_ai_weap.h">
      <Filter>botlib\Header Files</Filter>
    </ClInclude>
    <ClInclude Include="client\cl_demos.h">
      <Filter>Client</Filter>
    </ClInclude>
    <ClInclude Include="client\snd_mix.h">
      <Filter>Sound</Filter>
    </ClInclude>
    <ClInclude Include="renderer\tr_mme.h">
      <Filter>Renderer</Filter>
    </ClInclude>
    <ClInclude Include="libpng\png.h">
      <Filter>Renderer\libpng</Filter>
    </ClInclude>
    <ClInclude Include="libpng\pngconf.h">
      <Filter>Renderer\libpng</Filter>
    </ClInclude>
    <ClInclude Include="libpng\pngdebug.h">
      <Filter>Renderer\libpng</Filter>
    </ClInclude>
    <ClInclude Include="libpng\pnginfo.h">
      <Filter>Renderer\libpng</Filter>
    </ClInclude>
    <ClInclude Include="libpng\pnglibconf.h">
      <Filter>Renderer\libpng</Filter>
    </ClInclude>
    <ClInclude Include="libpng\pngpriv.h">
      <Filter>Renderer\libpng</Filter>
    </ClInclude>
    <ClInclude Include="libpng\pngstruct.h">
      <Filter>Renderer\libpng</Filter>
    </ClInclude>
    <ClInclude Include="png\rpng.h">
      <Filter>Renderer\png</Filter>
    </ClInclude>
    <ClInclude Include="renderer\tr_glsl.h">
      <Filter>Renderer</Filter>
    </ClInclude>
    <ClInclude Include="bw64\bw64.hpp">
      <Filter>Renderer\bw64</Filter>
    </ClInclude>
    <ClInclude Include="bw64\chunks.hpp">
      <Filter>Renderer\bw64</Filter>
    </ClInclude>
    <ClInclude Include="bw64\parser.hpp">
      <Filter>Renderer\bw64</Filter>
    </ClInclude>
    <ClInclude Include="bw64\reader.hpp">
      <Filter>Renderer\bw64</Filter>
    </ClInclude>
    <ClInclude Include="bw64\utils.hpp">
      <Filter>Renderer\bw64</Filter>
    </ClInclude>
    <ClInclude Include="bw64\writer.hpp">
      <Filter>Renderer\bw64</Filter>
    </ClInclude>
    <ClInclude Include="adm\adm.hpp">
      <Filter>Renderer\adm</Filter>
    </ClInclude>
    <ClInclude Include="adm\common_definitions.hpp">
      <Filter>Renderer\adm</Filter>
    </ClInclude>
    <ClInclude Include="adm\document.hpp">
      <Filter>Renderer\adm</Filter>
    </ClInclude>
    <ClInclude Include="adm\element_variant.hpp">
      <Filter>Renderer\adm</Filter>
    </ClInclude>
    <ClInclude Include="adm\elements.hpp">
      <Filter>Renderer\adm</Filter>
    </ClInclude>
    <ClInclude Include="adm\elements_fwd.hpp">
      <Filter>Renderer\adm</Filter>
    </ClInclude>
    <ClInclude Include="adm\errors.hpp">
      <Filter>Renderer\adm</Filter>
    </ClInclude>
    <ClInclude Include="adm\export.h">
      <Filter>Renderer\adm</Filter>
    </ClInclude>
    <ClInclude Include="adm\parse.hpp">
      <Filter>Renderer\adm</Filter>
    </ClInclude>
    <ClInclude Include="adm\path.hpp">
      <Filter>Renderer\adm</Filter>
    </ClInclude>
    <ClInclude Include="adm\route.hpp">
      <Filter>Renderer\adm</Filter>
    </ClInclude>
    <ClInclude Include="adm\route_tracer.hpp">
      <Filter>Renderer\adm</Filter>
    </ClInclude>
    <ClInclude Include="adm\version.hpp">
      <Filter>Renderer\adm</Filter>
    </ClInclude>
    <ClInclude Include="adm\write.hpp">
      <Filter>Renderer\adm</Filter>
    </ClInclude>
    <ClInclude Include="jpeg-9a\include\jconfig.h">
      <Filter>Renderer\jpeg files\JPG Headers</Filter>
    </ClInclude>
    <ClInclude Include="jpeg-9a\include\jmorecfg.h">
      <Filter>Renderer\jpeg files\JPG Headers</Filter>
    </ClInclude>
    <ClInclude Include="jpeg-9a\include\jpegint.h">
      <Filter>Renderer\jpeg files\JPG Headers</Filter>
    </ClInclude>
    <ClInclude Include="jpeg-9a\include\jpeglib.h">
      <Filter>Renderer\jpeg files\JPG Headers</Filter>
    </ClInclude>
    <ClInclude Include="jpeg-9a\cderror.h">
      <Filter>Renderer\jpeg files\JPG Headers</Filter>
    </ClInclude>
    <ClInclude Include="jpeg-9a\cdjpeg.h">
      <Filter>Renderer\jpeg files\JPG Headers</Filter>
    </ClInclude>
    <ClInclude Include="jpeg-9a\jdct.h">
      <Filter>Renderer\jpeg files\JPG Headers</Filter>
    </ClInclude>
    <ClInclude Include="jpeg-9a\jerror.h">
      <Filter>Renderer\jpeg files\JPG Headers</Filter>
    </ClInclude>
    <ClInclude Include="jpeg-9a\jinclude.h">
      <Filter>Renderer\jpeg files\JPG Headers</Filter>
    </ClInclude>
    <ClInclude Include="jpeg-9a\jmemsys.h">
      <Filter>Renderer\jpeg files\JPG Headers</Filter>
    </ClInclude>
    <ClInclude Include="jpeg-9a\jversion.h">
      <Filter>Renderer\jpeg files\JPG Headers</Filter>
    </ClInclude>
    <ClInclude Include="jpeg-9a\transupp.h">
      <Filter>Renderer\jpeg files\JPG Headers</Filter>
    </ClInclude>
    <ClInclude Include="stb\stb_image.h">
      <Filter>Renderer\stb</Filter>
    </ClInclude>
    <ClInclude Include="soxr\soxr.h">
      <Filter>Sound\soxr</Filter>
    </ClInclude>
    <ClInclude Include="client\snd_resample.hpp">
      <Filter>Sound</Filter>
    </ClInclude>
    <ClInclude Include="hypersonic-rle\bitpack.h">
      <Filter>hypersonic-rle</Filter>
    </ClInclude>
    <ClInclude Include="hypersonic-rle\codec_funcs.h">
      <Filter>hypersonic-rle</Filter>
    </ClInclude>
    <ClInclude Include="hypersonic-rle\rle.h">
      <Filter>hypersonic-rle</Filter>
    </ClInclude>
    <ClInclude Include="hypersonic-rle\rle8_extreme_cpu.h">
      <Filter>hypersonic-rle</Filter>
    </ClInclude>
    <ClInclude Include="hypersonic-rle\rle8_ocl_kernel.h">
      <Filter>hypersonic-rle</Filter>
    </ClInclude>
    <ClInclude Include="hypersonic-rle\rle24_extreme_cpu.h">
      <Filter>hypersonic-rle</Filter>
    </ClInclude>
    <ClInclude Include="hypersonic-rle\rle24_extreme_cpu_decode.h">
      <Filter>hypersonic-rle</Filter>
    </ClInclude>
    <ClInclude Include="hypersonic-rle\rle24_extreme_cpu_encode.h">
      <Filter>hypersonic-rle</Filter>
    </ClInclude>
    <ClInclude Include="hypersonic-rle\rle48_extreme_cpu.h">
      <Filter>hypersonic-rle</Filter>
    </ClInclude>
    <ClInclude Include="hypersonic-rle\rle48_extreme_cpu_decode.h">
      <Filter>hypersonic-rle</Filter>
    </ClInclude>
    <ClInclude Include="hypersonic-rle\rle48_extreme_cpu_encode.h">
      <Filter>hypersonic-rle</Filter>
    </ClInclude>
    <ClInclude Include="hypersonic-rle\rle128_extreme_cpu.h">
      <Filter>hypersonic-rle</Filter>
    </ClInclude>
    <ClInclude Include="hypersonic-rle\rleX_extreme_common.h">
      <Filter>hypersonic-rle</Filter>
    </ClInclude>
    <ClInclude Include="hypersonic-rle\rleX_extreme_cpu.h">
      <Filter>hypersonic-rle</Filter>
    </ClInclude>
    <ClInclude Include="hypersonic-rle\rleX_extreme_cpu_decode.h">
      <Filter>hypersonic-rle</Filter>
    </ClInclude>
    <ClInclude Include="hypersonic-rle\rleX_extreme_cpu_encode.h">
      <Filter>hypersonic-rle</Filter>
    </ClInclude>
    <ClInclude Include="hypersonic-rle\rleX_Xsl.h">
      <Filter>hypersonic-rle</Filter>
    </ClInclude>
    <ClInclude Include="hypersonic-rle\rleX_Xsl_multibyte_encoder.h">
      <Filter>hypersonic-rle</Filter>
    </ClInclude>
    <ClInclude Include="hypersonic-rle\rleX_Xsl_short.h">
      <Filter>hypersonic-rle</Filter>
    </ClInclude>
    <ClInclude Include="hypersonic-rle\rleX_Xsl_short_multibyte_encoder.h">
      <Filter>hypersonic-rle</Filter>
    </ClInclude>
    <ClInclude Include="hypersonic-rle\simd_platform.h">
      <Filter>hypersonic-rle</Filter>
    </ClInclude>
    <ClInclude Include="qcommon\matcomp.h">
      <Filter>Common</Filter>
    </ClInclude>
    <ClInclude Include="videometa\VideoMetaHelper.h">
      <Filter>Renderer\videometa</Filter>
    </ClInclude>
    <ClInclude Include="videometa\VideoMetaHelperShared.h">
      <Filter>Renderer\videometa</Filter>
    </ClInclude>
  </ItemGroup>
  <ItemGroup>
    <None Include="win32\qe3.ico">
      <Filter>Resource Files</Filter>
    </None>
  </ItemGroup>
  <ItemGroup>
    <ResourceCompile Include="win32\winquake.rc">
      <Filter>Resource Files</Filter>
    </ResourceCompile>
  </ItemGroup>
  <ItemGroup>
    <Text Include="jpeg-9a\CMakeLists.txt">
      <Filter>Renderer\jpeg files</Filter>
    </Text>
  </ItemGroup>
  <ItemGroup>
    <CopyFileToFolders Include="glsl\hdrpq-vertex.glsl">
      <Filter>Renderer\glsl</Filter>
    </CopyFileToFolders>
    <CopyFileToFolders Include="glsl\fisheye-fragment.glsl">
      <Filter>Renderer\glsl</Filter>
    </CopyFileToFolders>
    <CopyFileToFolders Include="glsl\fisheye-geom.glsl">
      <Filter>Renderer\glsl</Filter>
    </CopyFileToFolders>
    <CopyFileToFolders Include="glsl\fisheye-vertex.glsl">
      <Filter>Renderer\glsl</Filter>
    </CopyFileToFolders>
    <CopyFileToFolders Include="glsl\hdrpq-fragment.glsl">
      <Filter>Renderer\glsl</Filter>
    </CopyFileToFolders>
    <CopyFileToFolders Include="glsl\fisheye-tessellation-control.glsl">
      <Filter>Renderer\glsl</Filter>
    </CopyFileToFolders>
    <CopyFileToFolders Include="glsl\fisheye-tessellation-evaluation.glsl">
      <Filter>Renderer\glsl</Filter>
    </CopyFileToFolders>
    <CopyFileToFolders Include="glsl\fisheye-fragment-simple.glsl">
      <Filter>Renderer\glsl</Filter>
    </CopyFileToFolders>
    <CopyFileToFolders Include="glsl\thermal-vertex.glsl">
      <Filter>Renderer\glsl</Filter>
    </CopyFileToFolders>
    <CopyFileToFolders Include="glsl\thermal-fragment.glsl">
      <Filter>Renderer\glsl</Filter>
    </CopyFileToFolders>
  </ItemGroup>
  <ItemGroup>
    <MASM Include="win32\q3asm.asm">
      <Filter>Win32</Filter>
    </MASM>
  </ItemGroup>
</Project>